# @generated by Move, please check-in and do not edit manually.

[move]
version = 3
manifest_digest = "FA35D9BAFA0CE47D6CF66977CFF9110785B70B77D4755708011A1BF96E55E798"
deps_digest = "F8BBB0CCB2491CA29A3DF03D6F92277A4F3574266507ACD77214D37ECA3F3082"
dependencies = [
  { id = "Sui", name = "Sui" },
]

[[move.package]]
id = "MoveStdlib"
source = { git = "https://github.com/MystenLabs/sui.git", rev = "framework/testnet", subdir = "crates/sui-framework/packages/move-stdlib" }

[[move.package]]
id = "Sui"
source = { git = "https://github.com/MystenLabs/sui.git", rev = "framework/testnet", subdir = "crates/sui-framework/packages/sui-framework" }

dependencies = [
  { id = "MoveStdlib", name = "MoveStdlib" },
]

[move.toolchain-version]
compiler-version = "1.42.2"
edition = "2024.beta"
flavor = "sui"

[env]

[env.testnet]
chain-id = "4c78adac"
original-published-id = "0x889a4fd50dec79eea12a1721598e2d426dff9ab436628e465dfa2b1af1a282ff"
latest-published-id = "0x889a4fd50dec79eea12a1721598e2d426dff9ab436628e465dfa2b1af1a282ff"
published-version = "1"
